
Microsoft Visual Studio Solution File, Format Version 12.00
# Visual Studio 2013
VisualStudioVersion = 12.0.40629.0
MinimumVisualStudioVersion = 10.0.40219.1
Project("{A99171F4-43ED-48FC-978B-9193EDE4E466}") = "ASNA.AmyUniPDF", "ASNA.AmyUniPDF\ASNA.AmyUniPDF.vrproj", "{A844A1AE-3465-446B-AD7A-E8559286CFFB}"
EndProject
Global
	GlobalSection(SolutionConfigurationPlatforms) = preSolution
		Debug|Any CPU = Debug|Any CPU
		Release|Any CPU = Release|Any CPU
	EndGlobalSection
	GlobalSection(ProjectConfigurationPlatforms) = postSolution
		{A844A1AE-3465-446B-AD7A-E8559286CFFB}.Debug|Any CPU.ActiveCfg = Debug|Any CPU
		{A844A1AE-3465-446B-AD7A-E8559286CFFB}.Debug|Any CPU.Build.0 = Debug|Any CPU
		{A844A1AE-3465-446B-AD7A-E8559286CFFB}.Release|Any CPU.ActiveCfg = Release|Any CPU
		{A844A1AE-3465-446B-AD7A-E8559286CFFB}.Release|Any CPU.Build.0 = Release|Any CPU
	EndGlobalSection
	GlobalSection(SolutionProperties) = preSolution
		HideSolutionNode = FALSE
	EndGlobalSection
EndGlobal
